{
  "requires": true,
  "lockfileVersion": 1,
  "dependencies": {
    "@angular/common": {
      "version": "7.0.2",
      "resolved": "https://registry.npmjs.org/@angular/common/-/common-7.0.2.tgz",
      "integrity": "sha512-AamMjesc88a4c2cc3QI4N/rYY/unZ+py3VenXIRaAJCpM9PROF0klXdcu8wQ+kuwf2Ba+gkqtuAHIS8dsc5YFg==",
      "requires": {
        "tslib": "^1.9.0"
      }
    },
    "@angular/core": {
      "version": "7.0.2",
      "resolved": "https://registry.npmjs.org/@angular/core/-/core-7.0.2.tgz",
      "integrity": "sha512-KxK0y3ywFd0uGIHzQRKtj7DD6f8IhntQxBrBFLxNOLwzpb5v8B7HkzHUB/Tnflvo4hFetdGEinS6pO7dikWLTQ==",
      "requires": {
        "tslib": "^1.9.0"
      }
    },
    "@angular/forms": {
      "version": "7.0.2",
      "resolved": "https://registry.npmjs.org/@angular/forms/-/forms-7.0.2.tgz",
      "integrity": "sha512-FPowca8nJxt0gdnwsPaYdyhTnOALhIKJ8Z5EqdAkE5+v3/v76SG3WhUvYE5JFb4P/Ui8zY6htXsvVC7HNMLMBA==",
      "requires": {
        "tslib": "^1.9.0"
      }
    },
    "@angular/material": {
      "version": "7.0.2",
      "resolved": "https://registry.npmjs.org/@angular/material/-/material-7.0.2.tgz",
      "integrity": "sha512-zJ9nw+RwfRtkrifpafc9bM5HLPpbSmtYXkO3a2GSiE83jocdiC9wzpdmyhdJ/wvRoMyVmsx5vdQSqaFh03jhjA==",
      "requires": {
        "tslib": "^1.7.1"
      }
    },
    "@types/angular": {
      "version": "1.6.51",
      "resolved": "https://registry.npmjs.org/@types/angular/-/angular-1.6.51.tgz",
      "integrity": "sha512-wYU+/zlJWih7ZmonWVjGQ18tG7GboI9asMNjRBM5fpIFJWXSioQttCTw9qGL44cP82ghM8sCV9apEqm1zBDq2w=="
    },
    "tslib": {
      "version": "1.9.3",
      "resolved": "https://registry.npmjs.org/tslib/-/tslib-1.9.3.tgz",
      "integrity": "sha512-4krF8scpejhaOgqzBEcGM7yDIEfi0/8+8zDRZhNZZ2kjmHJ4hv3zCbQWxoJGz1iw5U0Jl0nma13xzHXcncMavQ=="
    }
  }
}
