{
  "requires": true,
  "lockfileVersion": 1,
  "dependencies": {
    "@angular/common": {
      "version": "7.0.2",
      "resolved": "https://registry.npmjs.org/@angular/common/-/common-7.0.2.tgz",
      "integrity": "sha512-AamMjesc88a4c2cc3QI4N/rYY/unZ+py3VenXIRaAJCpM9PROF0klXdcu8wQ+kuwf2Ba+gkqtuAHIS8dsc5YFg==",
      "requires": {
        "tslib": "^1.9.0"
      }
    },
    "@angular/core": {
      "version": "7.0.2",
      "resolved": "https://registry.npmjs.org/@angular/core/-/core-7.0.2.tgz",
      "integrity": "sha512-KxK0y3ywFd0uGIHzQRKtj7DD6f8IhntQxBrBFLxNOLwzpb5v8B7HkzHUB/Tnflvo4hFetdGEinS6pO7dikWLTQ==",
      "requires": {
        "tslib": "^1.9.0"
      }
    },
    "@angular/forms": {
      "version": "7.0.2",
      "resolved": "https://registry.npmjs.org/@angular/forms/-/forms-7.0.2.tgz",
      "integrity": "sha512-FPowca8nJxt0gdnwsPaYdyhTnOALhIKJ8Z5EqdAkE5+v3/v76SG3WhUvYE5JFb4P/Ui8zY6htXsvVC7HNMLMBA==",
      "requires": {
        "tslib": "^1.9.0"
      }
    },
    "@angular/material": {
      "version": "7.0.2",
      "resolved": "https://registry.npmjs.org/@angular/material/-/material-7.0.2.tgz",
      "integrity": "sha512-zJ9nw+RwfRtkrifpafc9bM5HLPpbSmtYXkO3a2GSiE83jocdiC9wzpdmyhdJ/wvRoMyVmsx5vdQSqaFh03jhjA==",
      "requires": {
        "tslib": "^1.7.1"
      }
    },
    "@types/angular": {
      "version": "1.6.51",
      "resolved": "https://registry.npmjs.org/@types/angular/-/angular-1.6.51.tgz",
      "integrity": "sha512-wYU+/zlJWih7ZmonWVjGQ18tG7GboI9asMNjRBM5fpIFJWXSioQttCTw9qGL44cP82ghM8sCV9apEqm1zBDq2w=="
    },
    "adler-32": {
      "version": "1.2.0",
      "resolved": "https://registry.npmjs.org/adler-32/-/adler-32-1.2.0.tgz",
      "integrity": "sha1-aj5r8KY5ALoVZSgIyxXGgT0aXyU=",
      "requires": {
        "exit-on-epipe": "~1.0.1",
        "printj": "~1.1.0"
      }
    },
    "cfb": {
      "version": "1.1.0",
      "resolved": "https://registry.npmjs.org/cfb/-/cfb-1.1.0.tgz",
      "integrity": "sha512-ZqfxNGWTMKhd0a/n6YKJLq8hWbd5kR3cA4kXwUj9vVEdHlwJ09werR8gN15Z7Y1FTXqdD6dE3GGCxv4uc28raA==",
      "requires": {
        "adler-32": "~1.2.0",
        "commander": "^2.16.0",
        "crc-32": "~1.2.0",
        "printj": "~1.1.2"
      }
    },
    "codepage": {
      "version": "1.14.0",
      "resolved": "https://registry.npmjs.org/codepage/-/codepage-1.14.0.tgz",
      "integrity": "sha1-jL4lSBMjVZ19MHVxsP/5HnodL5k=",
      "requires": {
        "commander": "~2.14.1",
        "exit-on-epipe": "~1.0.1"
      },
      "dependencies": {
        "commander": {
          "version": "2.14.1",
          "resolved": "http://registry.npmjs.org/commander/-/commander-2.14.1.tgz",
          "integrity": "sha512-+YR16o3rK53SmWHU3rEM3tPAh2rwb1yPcQX5irVn7mb0gXbwuCCrnkbV5+PBfETdfg1vui07nM6PCG1zndcjQw=="
        }
      }
    },
    "commander": {
      "version": "2.17.1",
      "resolved": "https://registry.npmjs.org/commander/-/commander-2.17.1.tgz",
      "integrity": "sha512-wPMUt6FnH2yzG95SA6mzjQOEKUU3aLaDEmzs1ti+1E9h+CsrZghRlqEM/EJ4KscsQVG8uNN4uVreUeT8+drlgg=="
    },
    "crc-32": {
      "version": "1.2.0",
      "resolved": "https://registry.npmjs.org/crc-32/-/crc-32-1.2.0.tgz",
      "integrity": "sha512-1uBwHxF+Y/4yF5G48fwnKq6QsIXheor3ZLPT80yGBV1oEUwpPojlEhQbWKVw1VwcTQyMGHK1/XMmTjmlsmTTGA==",
      "requires": {
        "exit-on-epipe": "~1.0.1",
        "printj": "~1.1.0"
      }
    },
    "exit-on-epipe": {
      "version": "1.0.1",
      "resolved": "https://registry.npmjs.org/exit-on-epipe/-/exit-on-epipe-1.0.1.tgz",
      "integrity": "sha512-h2z5mrROTxce56S+pnvAV890uu7ls7f1kEvVGJbw1OlFH3/mlJ5bkXu0KRyW94v37zzHPiUd55iLn3DA7TjWpw=="
    },
    "frac": {
      "version": "1.1.2",
      "resolved": "https://registry.npmjs.org/frac/-/frac-1.1.2.tgz",
      "integrity": "sha512-w/XBfkibaTl3YDqASwfDUqkna4Z2p9cFSr1aHDt0WoMTECnRfBOv2WArlZILlqgWlmdIlALXGpM2AOhEk5W3IA=="
    },
    "printj": {
      "version": "1.1.2",
      "resolved": "http://registry.npmjs.org/printj/-/printj-1.1.2.tgz",
      "integrity": "sha512-zA2SmoLaxZyArQTOPj5LXecR+RagfPSU5Kw1qP+jkWeNlrq+eJZyY2oS68SU1Z/7/myXM4lo9716laOFAVStCQ=="
    },
    "ssf": {
      "version": "0.10.2",
      "resolved": "https://registry.npmjs.org/ssf/-/ssf-0.10.2.tgz",
      "integrity": "sha512-rDhAPm9WyIsY8eZEKyE8Qsotb3j/wBdvMWBUsOhJdfhKGLfQidRjiBUV0y/MkyCLiXQ38FG6LWW/VYUtqlIDZQ==",
      "requires": {
        "frac": "~1.1.2"
      }
    },
    "tslib": {
      "version": "1.9.3",
      "resolved": "https://registry.npmjs.org/tslib/-/tslib-1.9.3.tgz",
      "integrity": "sha512-4krF8scpejhaOgqzBEcGM7yDIEfi0/8+8zDRZhNZZ2kjmHJ4hv3zCbQWxoJGz1iw5U0Jl0nma13xzHXcncMavQ=="
    },
    "xlsx": {
      "version": "0.14.1",
      "resolved": "https://registry.npmjs.org/xlsx/-/xlsx-0.14.1.tgz",
      "integrity": "sha512-7hjB5YuyJo1fuuzXQjwuxD8LSUzE4Rxu5ToC3fB5JSunZxGjLcgKg69bEFG9GYoxeVDx5GL0k1dUodlvaQNRQw==",
      "requires": {
        "adler-32": "~1.2.0",
        "cfb": "^1.1.0",
        "codepage": "~1.14.0",
        "commander": "~2.17.1",
        "crc-32": "~1.2.0",
        "exit-on-epipe": "~1.0.1",
        "ssf": "~0.10.2"
      }
    }
  }
}
